// !$*UTF8*$!
{
	archiveVersion = 1;
	classes = {
	};
	objectVersion = 56;
	objects = {

/* Begin PBXBuildFile section */
		3D21FE2C2C19AFA000648B7E /* UIAlertController.swift in Sources */ = {isa = PBXBuildFile; fileRef = 3D21FE2B2C19AFA000648B7E /* UIAlertController.swift */; };
		3D3C97712C18CE050028DB55 /* QuestionCell.swift in Sources */ = {isa = PBXBuildFile; fileRef = 3D3C976F2C18CE050028DB55 /* QuestionCell.swift */; };
		3D3C97722C18CE050028DB55 /* QuestionCell.xib in Resources */ = {isa = PBXBuildFile; fileRef = 3D3C97702C18CE050028DB55 /* QuestionCell.xib */; };
		3D3C97742C18E7CB0028DB55 /* QuizMockData.swift in Sources */ = {isa = PBXBuildFile; fileRef = 3D3C97732C18E7CB0028DB55 /* QuizMockData.swift */; };
		3D6AFAE92C11235000AFFDB1 /* AppDelegate.swift in Sources */ = {isa = PBXBuildFile; fileRef = 3D6AFAE82C11235000AFFDB1 /* AppDelegate.swift */; };
		3D6AFAEB2C11235000AFFDB1 /* SceneDelegate.swift in Sources */ = {isa = PBXBuildFile; fileRef = 3D6AFAEA2C11235000AFFDB1 /* SceneDelegate.swift */; };
		3D6AFAF02C11235000AFFDB1 /* Base in Resources */ = {isa = PBXBuildFile; fileRef = 3D6AFAEF2C11235000AFFDB1 /* Base */; };
		3D6AFAF32C11235000AFFDB1 /* Dictionary.xcdatamodeld in Sources */ = {isa = PBXBuildFile; fileRef = 3D6AFAF12C11235000AFFDB1 /* Dictionary.xcdatamodeld */; };
		3D6AFAF52C11235100AFFDB1 /* Assets.xcassets in Resources */ = {isa = PBXBuildFile; fileRef = 3D6AFAF42C11235100AFFDB1 /* Assets.xcassets */; };
		3D6AFAF82C11235100AFFDB1 /* Base in Resources */ = {isa = PBXBuildFile; fileRef = 3D6AFAF72C11235100AFFDB1 /* Base */; };
		3D6AFB032C11235100AFFDB1 /* DictionaryTests.swift in Sources */ = {isa = PBXBuildFile; fileRef = 3D6AFB022C11235100AFFDB1 /* DictionaryTests.swift */; };
		3D6AFB0D2C11235100AFFDB1 /* DictionaryUITests.swift in Sources */ = {isa = PBXBuildFile; fileRef = 3D6AFB0C2C11235100AFFDB1 /* DictionaryUITests.swift */; };
		3D6AFB0F2C11235100AFFDB1 /* DictionaryUITestsLaunchTests.swift in Sources */ = {isa = PBXBuildFile; fileRef = 3D6AFB0E2C11235100AFFDB1 /* DictionaryUITestsLaunchTests.swift */; };
		3D6AFB202C1126C600AFFDB1 /* API.swift in Sources */ = {isa = PBXBuildFile; fileRef = 3D6AFB1F2C1126C600AFFDB1 /* API.swift */; };
		3D6AFB222C1126D900AFFDB1 /* NetworkManager.swift in Sources */ = {isa = PBXBuildFile; fileRef = 3D6AFB212C1126D900AFFDB1 /* NetworkManager.swift */; };
		3D6AFB242C1126F500AFFDB1 /* Reachability.swift in Sources */ = {isa = PBXBuildFile; fileRef = 3D6AFB232C1126F500AFFDB1 /* Reachability.swift */; };
		3D6AFB272C112B6B00AFFDB1 /* BaseViewController.swift in Sources */ = {isa = PBXBuildFile; fileRef = 3D6AFB262C112B6B00AFFDB1 /* BaseViewController.swift */; };
		3D6AFB312C112D0600AFFDB1 /* SplashViewController.swift in Sources */ = {isa = PBXBuildFile; fileRef = 3D6AFB2F2C112D0600AFFDB1 /* SplashViewController.swift */; };
		3D6AFB322C112D0600AFFDB1 /* SplashViewController.xib in Resources */ = {isa = PBXBuildFile; fileRef = 3D6AFB302C112D0600AFFDB1 /* SplashViewController.xib */; };
		3D6AFB342C112D7D00AFFDB1 /* SplashInteractor.swift in Sources */ = {isa = PBXBuildFile; fileRef = 3D6AFB332C112D7D00AFFDB1 /* SplashInteractor.swift */; };
		3D6AFB362C112D9000AFFDB1 /* SplashPresenter.swift in Sources */ = {isa = PBXBuildFile; fileRef = 3D6AFB352C112D9000AFFDB1 /* SplashPresenter.swift */; };
		3D6AFB382C112DA500AFFDB1 /* SplashRouter.swift in Sources */ = {isa = PBXBuildFile; fileRef = 3D6AFB372C112DA500AFFDB1 /* SplashRouter.swift */; };
		3D6AFB3C2C1137B500AFFDB1 /* HomeViewController.swift in Sources */ = {isa = PBXBuildFile; fileRef = 3D6AFB3A2C1137B500AFFDB1 /* HomeViewController.swift */; };
		3D6AFB3D2C1137B500AFFDB1 /* HomeViewController.xib in Resources */ = {isa = PBXBuildFile; fileRef = 3D6AFB3B2C1137B500AFFDB1 /* HomeViewController.xib */; };
		3D6AFB3F2C11383500AFFDB1 /* HomeInteractor.swift in Sources */ = {isa = PBXBuildFile; fileRef = 3D6AFB3E2C11383500AFFDB1 /* HomeInteractor.swift */; };
		3D6AFB412C11384800AFFDB1 /* HomePresenter.swift in Sources */ = {isa = PBXBuildFile; fileRef = 3D6AFB402C11384800AFFDB1 /* HomePresenter.swift */; };
		3D6AFB432C11385200AFFDB1 /* HomeRouter.swift in Sources */ = {isa = PBXBuildFile; fileRef = 3D6AFB422C11385200AFFDB1 /* HomeRouter.swift */; };
		3D6AFB462C11426300AFFDB1 /* WordResponse.swift in Sources */ = {isa = PBXBuildFile; fileRef = 3D6AFB452C11426300AFFDB1 /* WordResponse.swift */; };
		3D6AFB482C1142CC00AFFDB1 /* ServiceManager.swift in Sources */ = {isa = PBXBuildFile; fileRef = 3D6AFB472C1142CC00AFFDB1 /* ServiceManager.swift */; };
		3D71541C2C189D0F001DAE41 /* EntryViewController.swift in Sources */ = {isa = PBXBuildFile; fileRef = 3D71541A2C189D0F001DAE41 /* EntryViewController.swift */; };
		3D71541D2C189D0F001DAE41 /* EntryViewController.xib in Resources */ = {isa = PBXBuildFile; fileRef = 3D71541B2C189D0F001DAE41 /* EntryViewController.xib */; };
		3D7154212C189D41001DAE41 /* EntryPresenter.swift in Sources */ = {isa = PBXBuildFile; fileRef = 3D7154202C189D41001DAE41 /* EntryPresenter.swift */; };
		3D7154232C189D53001DAE41 /* EntryRouter.swift in Sources */ = {isa = PBXBuildFile; fileRef = 3D7154222C189D53001DAE41 /* EntryRouter.swift */; };
		3D7154262C189D7D001DAE41 /* QuizViewController.swift in Sources */ = {isa = PBXBuildFile; fileRef = 3D7154242C189D7D001DAE41 /* QuizViewController.swift */; };
		3D7154272C189D7D001DAE41 /* QuizViewController.xib in Resources */ = {isa = PBXBuildFile; fileRef = 3D7154252C189D7D001DAE41 /* QuizViewController.xib */; };
		3D71542B2C189D9A001DAE41 /* QuizPresenter.swift in Sources */ = {isa = PBXBuildFile; fileRef = 3D71542A2C189D9A001DAE41 /* QuizPresenter.swift */; };
		3D71542D2C189DA3001DAE41 /* QuizRouter.swift in Sources */ = {isa = PBXBuildFile; fileRef = 3D71542C2C189DA3001DAE41 /* QuizRouter.swift */; };
		3D7154302C189DD4001DAE41 /* ResultViewController.swift in Sources */ = {isa = PBXBuildFile; fileRef = 3D71542E2C189DD4001DAE41 /* ResultViewController.swift */; };
		3D7154312C189DD4001DAE41 /* ResultViewController.xib in Resources */ = {isa = PBXBuildFile; fileRef = 3D71542F2C189DD4001DAE41 /* ResultViewController.xib */; };
		3D7154352C189DFD001DAE41 /* ResultPresenter.swift in Sources */ = {isa = PBXBuildFile; fileRef = 3D7154342C189DFD001DAE41 /* ResultPresenter.swift */; };
		3D7154372C189E18001DAE41 /* ResultRouter.swift in Sources */ = {isa = PBXBuildFile; fileRef = 3D7154362C189E18001DAE41 /* ResultRouter.swift */; };
		3DA2F8CA2C15EC29000A8437 /* WordTypeCell.xib in Resources */ = {isa = PBXBuildFile; fileRef = 3DA2F8C92C15EC29000A8437 /* WordTypeCell.xib */; };
		3DA2F8CB2C15EC29000A8437 /* WordTypeCell.swift in Sources */ = {isa = PBXBuildFile; fileRef = 3DA2F8C82C15EC29000A8437 /* WordTypeCell.swift */; };
		3DC476FB2C120FD4005DACA8 /* CustomTabBar.swift in Sources */ = {isa = PBXBuildFile; fileRef = 3DC476FA2C120FD4005DACA8 /* CustomTabBar.swift */; };
		3DE12FB42C145A2600FF2926 /* RecentSearchCell.swift in Sources */ = {isa = PBXBuildFile; fileRef = 3DE12FB22C145A2600FF2926 /* RecentSearchCell.swift */; };
		3DE12FB52C145A2600FF2926 /* RecentSearchCell.xib in Resources */ = {isa = PBXBuildFile; fileRef = 3DE12FB32C145A2600FF2926 /* RecentSearchCell.xib */; };
		3DE12FB72C145C9600FF2926 /* WordRepository.swift in Sources */ = {isa = PBXBuildFile; fileRef = 3DE12FB62C145C9600FF2926 /* WordRepository.swift */; };
		3DE12FBC2C14AC5F00FF2926 /* UITableView.swift in Sources */ = {isa = PBXBuildFile; fileRef = 3DE12FBB2C14AC5F00FF2926 /* UITableView.swift */; };
		3DECF8F12C16591200A97462 /* SynonymCell.xib in Resources */ = {isa = PBXBuildFile; fileRef = 3DECF8F02C16591200A97462 /* SynonymCell.xib */; };
		3DECF8F22C16591200A97462 /* SynonymCell.swift in Sources */ = {isa = PBXBuildFile; fileRef = 3DECF8EF2C16591200A97462 /* SynonymCell.swift */; };
		3DECF8F42C16646F00A97462 /* Synonym.swift in Sources */ = {isa = PBXBuildFile; fileRef = 3DECF8F32C16646F00A97462 /* Synonym.swift */; };
		3DF099F12C13AC0D00044B20 /* DetailViewController.swift in Sources */ = {isa = PBXBuildFile; fileRef = 3DF099EF2C13AC0D00044B20 /* DetailViewController.swift */; };
		3DF099F22C13AC0D00044B20 /* DetailViewController.xib in Resources */ = {isa = PBXBuildFile; fileRef = 3DF099F02C13AC0D00044B20 /* DetailViewController.xib */; };
		3DF099F42C13AD6300044B20 /* DetailInteractor.swift in Sources */ = {isa = PBXBuildFile; fileRef = 3DF099F32C13AD6300044B20 /* DetailInteractor.swift */; };
		3DF099F62C13AD7A00044B20 /* DetailPresenter.swift in Sources */ = {isa = PBXBuildFile; fileRef = 3DF099F52C13AD7A00044B20 /* DetailPresenter.swift */; };
		3DF099F82C13AD8500044B20 /* DetailRouter.swift in Sources */ = {isa = PBXBuildFile; fileRef = 3DF099F72C13AD8500044B20 /* DetailRouter.swift */; };
/* End PBXBuildFile section */

/* Begin PBXContainerItemProxy section */
		3D6AFAFF2C11235100AFFDB1 /* PBXContainerItemProxy */ = {
			isa = PBXContainerItemProxy;
			containerPortal = 3D6AFADD2C11235000AFFDB1 /* Project object */;
			proxyType = 1;
			remoteGlobalIDString = 3D6AFAE42C11235000AFFDB1;
			remoteInfo = Dictionary;
		};
		3D6AFB092C11235100AFFDB1 /* PBXContainerItemProxy */ = {
			isa = PBXContainerItemProxy;
			containerPortal = 3D6AFADD2C11235000AFFDB1 /* Project object */;
			proxyType = 1;
			remoteGlobalIDString = 3D6AFAE42C11235000AFFDB1;
			remoteInfo = Dictionary;
		};
/* End PBXContainerItemProxy section */

/* Begin PBXFileReference section */
		3D21FE2B2C19AFA000648B7E /* UIAlertController.swift */ = {isa = PBXFileReference; lastKnownFileType = sourcecode.swift; path = UIAlertController.swift; sourceTree = "<group>"; };
		3D3C976F2C18CE050028DB55 /* QuestionCell.swift */ = {isa = PBXFileReference; lastKnownFileType = sourcecode.swift; path = QuestionCell.swift; sourceTree = "<group>"; };
		3D3C97702C18CE050028DB55 /* QuestionCell.xib */ = {isa = PBXFileReference; lastKnownFileType = file.xib; path = QuestionCell.xib; sourceTree = "<group>"; };
		3D3C97732C18E7CB0028DB55 /* QuizMockData.swift */ = {isa = PBXFileReference; lastKnownFileType = sourcecode.swift; path = QuizMockData.swift; sourceTree = "<group>"; };
		3D6AFAE52C11235000AFFDB1 /* Dictionary.app */ = {isa = PBXFileReference; explicitFileType = wrapper.application; includeInIndex = 0; path = Dictionary.app; sourceTree = BUILT_PRODUCTS_DIR; };
		3D6AFAE82C11235000AFFDB1 /* AppDelegate.swift */ = {isa = PBXFileReference; lastKnownFileType = sourcecode.swift; path = AppDelegate.swift; sourceTree = "<group>"; };
		3D6AFAEA2C11235000AFFDB1 /* SceneDelegate.swift */ = {isa = PBXFileReference; lastKnownFileType = sourcecode.swift; path = SceneDelegate.swift; sourceTree = "<group>"; };
		3D6AFAEF2C11235000AFFDB1 /* Base */ = {isa = PBXFileReference; lastKnownFileType = file.storyboard; name = Base; path = Base.lproj/Main.storyboard; sourceTree = "<group>"; };
		3D6AFAF22C11235000AFFDB1 /* Dictionary.xcdatamodel */ = {isa = PBXFileReference; lastKnownFileType = wrapper.xcdatamodel; path = Dictionary.xcdatamodel; sourceTree = "<group>"; };
		3D6AFAF42C11235100AFFDB1 /* Assets.xcassets */ = {isa = PBXFileReference; lastKnownFileType = folder.assetcatalog; path = Assets.xcassets; sourceTree = "<group>"; };
		3D6AFAF72C11235100AFFDB1 /* Base */ = {isa = PBXFileReference; lastKnownFileType = file.storyboard; name = Base; path = Base.lproj/LaunchScreen.storyboard; sourceTree = "<group>"; };
		3D6AFAF92C11235100AFFDB1 /* Info.plist */ = {isa = PBXFileReference; lastKnownFileType = text.plist.xml; path = Info.plist; sourceTree = "<group>"; };
		3D6AFAFE2C11235100AFFDB1 /* DictionaryTests.xctest */ = {isa = PBXFileReference; explicitFileType = wrapper.cfbundle; includeInIndex = 0; path = DictionaryTests.xctest; sourceTree = BUILT_PRODUCTS_DIR; };
		3D6AFB022C11235100AFFDB1 /* DictionaryTests.swift */ = {isa = PBXFileReference; lastKnownFileType = sourcecode.swift; path = DictionaryTests.swift; sourceTree = "<group>"; };
		3D6AFB082C11235100AFFDB1 /* DictionaryUITests.xctest */ = {isa = PBXFileReference; explicitFileType = wrapper.cfbundle; includeInIndex = 0; path = DictionaryUITests.xctest; sourceTree = BUILT_PRODUCTS_DIR; };
		3D6AFB0C2C11235100AFFDB1 /* DictionaryUITests.swift */ = {isa = PBXFileReference; lastKnownFileType = sourcecode.swift; path = DictionaryUITests.swift; sourceTree = "<group>"; };
		3D6AFB0E2C11235100AFFDB1 /* DictionaryUITestsLaunchTests.swift */ = {isa = PBXFileReference; lastKnownFileType = sourcecode.swift; path = DictionaryUITestsLaunchTests.swift; sourceTree = "<group>"; };
		3D6AFB1F2C1126C600AFFDB1 /* API.swift */ = {isa = PBXFileReference; lastKnownFileType = sourcecode.swift; path = API.swift; sourceTree = "<group>"; };
		3D6AFB212C1126D900AFFDB1 /* NetworkManager.swift */ = {isa = PBXFileReference; lastKnownFileType = sourcecode.swift; path = NetworkManager.swift; sourceTree = "<group>"; };
		3D6AFB232C1126F500AFFDB1 /* Reachability.swift */ = {isa = PBXFileReference; lastKnownFileType = sourcecode.swift; path = Reachability.swift; sourceTree = "<group>"; };
		3D6AFB262C112B6B00AFFDB1 /* BaseViewController.swift */ = {isa = PBXFileReference; lastKnownFileType = sourcecode.swift; path = BaseViewController.swift; sourceTree = "<group>"; };
		3D6AFB2F2C112D0600AFFDB1 /* SplashViewController.swift */ = {isa = PBXFileReference; lastKnownFileType = sourcecode.swift; path = SplashViewController.swift; sourceTree = "<group>"; };
		3D6AFB302C112D0600AFFDB1 /* SplashViewController.xib */ = {isa = PBXFileReference; lastKnownFileType = file.xib; path = SplashViewController.xib; sourceTree = "<group>"; };
		3D6AFB332C112D7D00AFFDB1 /* SplashInteractor.swift */ = {isa = PBXFileReference; lastKnownFileType = sourcecode.swift; path = SplashInteractor.swift; sourceTree = "<group>"; };
		3D6AFB352C112D9000AFFDB1 /* SplashPresenter.swift */ = {isa = PBXFileReference; lastKnownFileType = sourcecode.swift; path = SplashPresenter.swift; sourceTree = "<group>"; };
		3D6AFB372C112DA500AFFDB1 /* SplashRouter.swift */ = {isa = PBXFileReference; lastKnownFileType = sourcecode.swift; path = SplashRouter.swift; sourceTree = "<group>"; };
		3D6AFB3A2C1137B500AFFDB1 /* HomeViewController.swift */ = {isa = PBXFileReference; lastKnownFileType = sourcecode.swift; path = HomeViewController.swift; sourceTree = "<group>"; };
		3D6AFB3B2C1137B500AFFDB1 /* HomeViewController.xib */ = {isa = PBXFileReference; lastKnownFileType = file.xib; path = HomeViewController.xib; sourceTree = "<group>"; };
		3D6AFB3E2C11383500AFFDB1 /* HomeInteractor.swift */ = {isa = PBXFileReference; lastKnownFileType = sourcecode.swift; path = HomeInteractor.swift; sourceTree = "<group>"; };
		3D6AFB402C11384800AFFDB1 /* HomePresenter.swift */ = {isa = PBXFileReference; lastKnownFileType = sourcecode.swift; path = HomePresenter.swift; sourceTree = "<group>"; };
		3D6AFB422C11385200AFFDB1 /* HomeRouter.swift */ = {isa = PBXFileReference; lastKnownFileType = sourcecode.swift; path = HomeRouter.swift; sourceTree = "<group>"; };
		3D6AFB452C11426300AFFDB1 /* WordResponse.swift */ = {isa = PBXFileReference; lastKnownFileType = sourcecode.swift; path = WordResponse.swift; sourceTree = "<group>"; };
		3D6AFB472C1142CC00AFFDB1 /* ServiceManager.swift */ = {isa = PBXFileReference; lastKnownFileType = sourcecode.swift; path = ServiceManager.swift; sourceTree = "<group>"; };
		3D71541A2C189D0F001DAE41 /* EntryViewController.swift */ = {isa = PBXFileReference; lastKnownFileType = sourcecode.swift; path = EntryViewController.swift; sourceTree = "<group>"; };
		3D71541B2C189D0F001DAE41 /* EntryViewController.xib */ = {isa = PBXFileReference; lastKnownFileType = file.xib; path = EntryViewController.xib; sourceTree = "<group>"; };
		3D7154202C189D41001DAE41 /* EntryPresenter.swift */ = {isa = PBXFileReference; lastKnownFileType = sourcecode.swift; path = EntryPresenter.swift; sourceTree = "<group>"; };
		3D7154222C189D53001DAE41 /* EntryRouter.swift */ = {isa = PBXFileReference; lastKnownFileType = sourcecode.swift; path = EntryRouter.swift; sourceTree = "<group>"; };
		3D7154242C189D7D001DAE41 /* QuizViewController.swift */ = {isa = PBXFileReference; lastKnownFileType = sourcecode.swift; path = QuizViewController.swift; sourceTree = "<group>"; };
		3D7154252C189D7D001DAE41 /* QuizViewController.xib */ = {isa = PBXFileReference; lastKnownFileType = file.xib; path = QuizViewController.xib; sourceTree = "<group>"; };
		3D71542A2C189D9A001DAE41 /* QuizPresenter.swift */ = {isa = PBXFileReference; lastKnownFileType = sourcecode.swift; path = QuizPresenter.swift; sourceTree = "<group>"; };
		3D71542C2C189DA3001DAE41 /* QuizRouter.swift */ = {isa = PBXFileReference; lastKnownFileType = sourcecode.swift; path = QuizRouter.swift; sourceTree = "<group>"; };
		3D71542E2C189DD4001DAE41 /* ResultViewController.swift */ = {isa = PBXFileReference; lastKnownFileType = sourcecode.swift; path = ResultViewController.swift; sourceTree = "<group>"; };
		3D71542F2C189DD4001DAE41 /* ResultViewController.xib */ = {isa = PBXFileReference; lastKnownFileType = file.xib; path = ResultViewController.xib; sourceTree = "<group>"; };
		3D7154342C189DFD001DAE41 /* ResultPresenter.swift */ = {isa = PBXFileReference; lastKnownFileType = sourcecode.swift; path = ResultPresenter.swift; sourceTree = "<group>"; };
		3D7154362C189E18001DAE41 /* ResultRouter.swift */ = {isa = PBXFileReference; lastKnownFileType = sourcecode.swift; path = ResultRouter.swift; sourceTree = "<group>"; };
		3DA2F8C82C15EC29000A8437 /* WordTypeCell.swift */ = {isa = PBXFileReference; lastKnownFileType = sourcecode.swift; path = WordTypeCell.swift; sourceTree = "<group>"; };
		3DA2F8C92C15EC29000A8437 /* WordTypeCell.xib */ = {isa = PBXFileReference; lastKnownFileType = file.xib; path = WordTypeCell.xib; sourceTree = "<group>"; };
		3DC476FA2C120FD4005DACA8 /* CustomTabBar.swift */ = {isa = PBXFileReference; lastKnownFileType = sourcecode.swift; path = CustomTabBar.swift; sourceTree = "<group>"; };
		3DE12FB22C145A2600FF2926 /* RecentSearchCell.swift */ = {isa = PBXFileReference; lastKnownFileType = sourcecode.swift; path = RecentSearchCell.swift; sourceTree = "<group>"; };
		3DE12FB32C145A2600FF2926 /* RecentSearchCell.xib */ = {isa = PBXFileReference; lastKnownFileType = file.xib; path = RecentSearchCell.xib; sourceTree = "<group>"; };
		3DE12FB62C145C9600FF2926 /* WordRepository.swift */ = {isa = PBXFileReference; lastKnownFileType = sourcecode.swift; path = WordRepository.swift; sourceTree = "<group>"; };
		3DE12FBB2C14AC5F00FF2926 /* UITableView.swift */ = {isa = PBXFileReference; lastKnownFileType = sourcecode.swift; path = UITableView.swift; sourceTree = "<group>"; };
		3DECF8EF2C16591200A97462 /* SynonymCell.swift */ = {isa = PBXFileReference; lastKnownFileType = sourcecode.swift; path = SynonymCell.swift; sourceTree = "<group>"; };
		3DECF8F02C16591200A97462 /* SynonymCell.xib */ = {isa = PBXFileReference; lastKnownFileType = file.xib; path = SynonymCell.xib; sourceTree = "<group>"; };
		3DECF8F32C16646F00A97462 /* Synonym.swift */ = {isa = PBXFileReference; lastKnownFileType = sourcecode.swift; path = Synonym.swift; sourceTree = "<group>"; };
		3DF099EF2C13AC0D00044B20 /* DetailViewController.swift */ = {isa = PBXFileReference; lastKnownFileType = sourcecode.swift; path = DetailViewController.swift; sourceTree = "<group>"; };
		3DF099F02C13AC0D00044B20 /* DetailViewController.xib */ = {isa = PBXFileReference; lastKnownFileType = file.xib; path = DetailViewController.xib; sourceTree = "<group>"; };
		3DF099F32C13AD6300044B20 /* DetailInteractor.swift */ = {isa = PBXFileReference; lastKnownFileType = sourcecode.swift; path = DetailInteractor.swift; sourceTree = "<group>"; };
		3DF099F52C13AD7A00044B20 /* DetailPresenter.swift */ = {isa = PBXFileReference; lastKnownFileType = sourcecode.swift; path = DetailPresenter.swift; sourceTree = "<group>"; };
		3DF099F72C13AD8500044B20 /* DetailRouter.swift */ = {isa = PBXFileReference; lastKnownFileType = sourcecode.swift; path = DetailRouter.swift; sourceTree = "<group>"; };
/* End PBXFileReference section */

/* Begin PBXFrameworksBuildPhase section */
		3D6AFAE22C11235000AFFDB1 /* Frameworks */ = {
			isa = PBXFrameworksBuildPhase;
			buildActionMask = 2147483647;
			files = (
			);
			runOnlyForDeploymentPostprocessing = 0;
		};
		3D6AFAFB2C11235100AFFDB1 /* Frameworks */ = {
			isa = PBXFrameworksBuildPhase;
			buildActionMask = 2147483647;
			files = (
			);
			runOnlyForDeploymentPostprocessing = 0;
		};
		3D6AFB052C11235100AFFDB1 /* Frameworks */ = {
			isa = PBXFrameworksBuildPhase;
			buildActionMask = 2147483647;
			files = (
			);
			runOnlyForDeploymentPostprocessing = 0;
		};
/* End PBXFrameworksBuildPhase section */

/* Begin PBXGroup section */
		3D3C976E2C18CDE30028DB55 /* Cell */ = {
			isa = PBXGroup;
			children = (
				3D3C976F2C18CE050028DB55 /* QuestionCell.swift */,
				3D3C97702C18CE050028DB55 /* QuestionCell.xib */,
			);
			path = Cell;
			sourceTree = "<group>";
		};
		3D6AFADC2C11235000AFFDB1 = {
			isa = PBXGroup;
			children = (
				3D6AFAE72C11235000AFFDB1 /* Dictionary */,
				3D6AFB012C11235100AFFDB1 /* DictionaryTests */,
				3D6AFB0B2C11235100AFFDB1 /* DictionaryUITests */,
				3D6AFAE62C11235000AFFDB1 /* Products */,
			);
			sourceTree = "<group>";
		};
		3D6AFAE62C11235000AFFDB1 /* Products */ = {
			isa = PBXGroup;
			children = (
				3D6AFAE52C11235000AFFDB1 /* Dictionary.app */,
				3D6AFAFE2C11235100AFFDB1 /* DictionaryTests.xctest */,
				3D6AFB082C11235100AFFDB1 /* DictionaryUITests.xctest */,
			);
			name = Products;
			sourceTree = "<group>";
		};
		3D6AFAE72C11235000AFFDB1 /* Dictionary */ = {
			isa = PBXGroup;
			children = (
				3D6AFB1B2C11249500AFFDB1 /* App */,
				3D6AFB1E2C11256700AFFDB1 /* Network */,
				3D6AFB1D2C11255E00AFFDB1 /* Module */,
				3D6AFB1C2C1124ED00AFFDB1 /* Resources */,
				3D6AFAF92C11235100AFFDB1 /* Info.plist */,
			);
			path = Dictionary;
			sourceTree = "<group>";
		};
		3D6AFB012C11235100AFFDB1 /* DictionaryTests */ = {
			isa = PBXGroup;
			children = (
				3D6AFB022C11235100AFFDB1 /* DictionaryTests.swift */,
			);
			path = DictionaryTests;
			sourceTree = "<group>";
		};
		3D6AFB0B2C11235100AFFDB1 /* DictionaryUITests */ = {
			isa = PBXGroup;
			children = (
				3D6AFB0C2C11235100AFFDB1 /* DictionaryUITests.swift */,
				3D6AFB0E2C11235100AFFDB1 /* DictionaryUITestsLaunchTests.swift */,
			);
			path = DictionaryUITests;
			sourceTree = "<group>";
		};
		3D6AFB1B2C11249500AFFDB1 /* App */ = {
			isa = PBXGroup;
			children = (
				3D6AFAE82C11235000AFFDB1 /* AppDelegate.swift */,
				3D6AFAEA2C11235000AFFDB1 /* SceneDelegate.swift */,
			);
			path = App;
			sourceTree = "<group>";
		};
		3D6AFB1C2C1124ED00AFFDB1 /* Resources */ = {
			isa = PBXGroup;
			children = (
				3DE12FB82C14983B00FF2926 /* Extensions */,
				3DC476EF2C120CC5005DACA8 /* View */,
				3D6AFAF42C11235100AFFDB1 /* Assets.xcassets */,
				3D6AFAEE2C11235000AFFDB1 /* Main.storyboard */,
				3D6AFAF62C11235100AFFDB1 /* LaunchScreen.storyboard */,
				3D6AFAF12C11235000AFFDB1 /* Dictionary.xcdatamodeld */,
			);
			path = Resources;
			sourceTree = "<group>";
		};
		3D6AFB1D2C11255E00AFFDB1 /* Module */ = {
			isa = PBXGroup;
			children = (
				3D6AFB442C1141F700AFFDB1 /* Entity */,
				3D6AFB392C11379D00AFFDB1 /* Home */,
				3DF099EE2C13ABDB00044B20 /* Detail */,
				3D7154162C1899A2001DAE41 /* Exercise */,
				3D6AFB2E2C112CCC00AFFDB1 /* Splash */,
				3D6AFB252C112B3500AFFDB1 /* Base */,
			);
			path = Module;
			sourceTree = "<group>";
		};
		3D6AFB1E2C11256700AFFDB1 /* Network */ = {
			isa = PBXGroup;
			children = (
				3D6AFB232C1126F500AFFDB1 /* Reachability.swift */,
				3D6AFB472C1142CC00AFFDB1 /* ServiceManager.swift */,
				3D6AFB212C1126D900AFFDB1 /* NetworkManager.swift */,
				3D6AFB1F2C1126C600AFFDB1 /* API.swift */,
				3DE12FB62C145C9600FF2926 /* WordRepository.swift */,
			);
			path = Network;
			sourceTree = "<group>";
		};
		3D6AFB252C112B3500AFFDB1 /* Base */ = {
			isa = PBXGroup;
			children = (
				3D6AFB262C112B6B00AFFDB1 /* BaseViewController.swift */,
			);
			path = Base;
			sourceTree = "<group>";
		};
		3D6AFB2E2C112CCC00AFFDB1 /* Splash */ = {
			isa = PBXGroup;
			children = (
				3D6AFB2F2C112D0600AFFDB1 /* SplashViewController.swift */,
				3D6AFB302C112D0600AFFDB1 /* SplashViewController.xib */,
				3D6AFB332C112D7D00AFFDB1 /* SplashInteractor.swift */,
				3D6AFB352C112D9000AFFDB1 /* SplashPresenter.swift */,
				3D6AFB372C112DA500AFFDB1 /* SplashRouter.swift */,
			);
			path = Splash;
			sourceTree = "<group>";
		};
		3D6AFB392C11379D00AFFDB1 /* Home */ = {
			isa = PBXGroup;
			children = (
				3DE12FB12C1459EA00FF2926 /* Cell */,
				3D6AFB3A2C1137B500AFFDB1 /* HomeViewController.swift */,
				3D6AFB3B2C1137B500AFFDB1 /* HomeViewController.xib */,
				3D6AFB3E2C11383500AFFDB1 /* HomeInteractor.swift */,
				3D6AFB402C11384800AFFDB1 /* HomePresenter.swift */,
				3D6AFB422C11385200AFFDB1 /* HomeRouter.swift */,
			);
			path = Home;
			sourceTree = "<group>";
		};
		3D6AFB442C1141F700AFFDB1 /* Entity */ = {
			isa = PBXGroup;
			children = (
				3D6AFB452C11426300AFFDB1 /* WordResponse.swift */,
				3DECF8F32C16646F00A97462 /* Synonym.swift */,
				3D3C97732C18E7CB0028DB55 /* QuizMockData.swift */,
			);
			path = Entity;
			sourceTree = "<group>";
		};
		3D7154162C1899A2001DAE41 /* Exercise */ = {
			isa = PBXGroup;
			children = (
				3D7154172C189C7A001DAE41 /* Entry */,
				3D7154182C189C82001DAE41 /* Quiz */,
				3D7154192C189C8E001DAE41 /* Result */,
			);
			path = Exercise;
			sourceTree = "<group>";
		};
		3D7154172C189C7A001DAE41 /* Entry */ = {
			isa = PBXGroup;
			children = (
				3D71541A2C189D0F001DAE41 /* EntryViewController.swift */,
				3D71541B2C189D0F001DAE41 /* EntryViewController.xib */,
				3D7154202C189D41001DAE41 /* EntryPresenter.swift */,
				3D7154222C189D53001DAE41 /* EntryRouter.swift */,
			);
			path = Entry;
			sourceTree = "<group>";
		};
		3D7154182C189C82001DAE41 /* Quiz */ = {
			isa = PBXGroup;
			children = (
				3D3C976E2C18CDE30028DB55 /* Cell */,
				3D7154242C189D7D001DAE41 /* QuizViewController.swift */,
				3D7154252C189D7D001DAE41 /* QuizViewController.xib */,
				3D71542A2C189D9A001DAE41 /* QuizPresenter.swift */,
				3D71542C2C189DA3001DAE41 /* QuizRouter.swift */,
			);
			path = Quiz;
			sourceTree = "<group>";
		};
		3D7154192C189C8E001DAE41 /* Result */ = {
			isa = PBXGroup;
			children = (
				3D71542E2C189DD4001DAE41 /* ResultViewController.swift */,
				3D71542F2C189DD4001DAE41 /* ResultViewController.xib */,
				3D7154342C189DFD001DAE41 /* ResultPresenter.swift */,
				3D7154362C189E18001DAE41 /* ResultRouter.swift */,
			);
			path = Result;
			sourceTree = "<group>";
		};
		3DA2F8C72C15EC00000A8437 /* Cell */ = {
			isa = PBXGroup;
			children = (
				3DECF8ED2C1658D500A97462 /* WordTypeCell */,
				3DECF8EE2C1658E400A97462 /* SynonymCell */,
			);
			path = Cell;
			sourceTree = "<group>";
		};
		3DC476EF2C120CC5005DACA8 /* View */ = {
			isa = PBXGroup;
			children = (
				3DC476FA2C120FD4005DACA8 /* CustomTabBar.swift */,
			);
			path = View;
			sourceTree = "<group>";
		};
		3DE12FB12C1459EA00FF2926 /* Cell */ = {
			isa = PBXGroup;
			children = (
				3DE12FB22C145A2600FF2926 /* RecentSearchCell.swift */,
				3DE12FB32C145A2600FF2926 /* RecentSearchCell.xib */,
			);
			path = Cell;
			sourceTree = "<group>";
		};
		3DE12FB82C14983B00FF2926 /* Extensions */ = {
			isa = PBXGroup;
			children = (
				3DE12FBB2C14AC5F00FF2926 /* UITableView.swift */,
				3D21FE2B2C19AFA000648B7E /* UIAlertController.swift */,
			);
			path = Extensions;
			sourceTree = "<group>";
		};
		3DECF8ED2C1658D500A97462 /* WordTypeCell */ = {
			isa = PBXGroup;
			children = (
				3DA2F8C82C15EC29000A8437 /* WordTypeCell.swift */,
				3DA2F8C92C15EC29000A8437 /* WordTypeCell.xib */,
			);
			path = WordTypeCell;
			sourceTree = "<group>";
		};
		3DECF8EE2C1658E400A97462 /* SynonymCell */ = {
			isa = PBXGroup;
			children = (
				3DECF8EF2C16591200A97462 /* SynonymCell.swift */,
				3DECF8F02C16591200A97462 /* SynonymCell.xib */,
			);
			path = SynonymCell;
			sourceTree = "<group>";
		};
		3DF099EE2C13ABDB00044B20 /* Detail */ = {
			isa = PBXGroup;
			children = (
				3DA2F8C72C15EC00000A8437 /* Cell */,
				3DF099EF2C13AC0D00044B20 /* DetailViewController.swift */,
				3DF099F02C13AC0D00044B20 /* DetailViewController.xib */,
				3DF099F32C13AD6300044B20 /* DetailInteractor.swift */,
				3DF099F52C13AD7A00044B20 /* DetailPresenter.swift */,
				3DF099F72C13AD8500044B20 /* DetailRouter.swift */,
			);
			path = Detail;
			sourceTree = "<group>";
		};
/* End PBXGroup section */

/* Begin PBXNativeTarget section */
		3D6AFAE42C11235000AFFDB1 /* Dictionary */ = {
			isa = PBXNativeTarget;
			buildConfigurationList = 3D6AFB122C11235100AFFDB1 /* Build configuration list for PBXNativeTarget "Dictionary" */;
			buildPhases = (
				3D6AFAE12C11235000AFFDB1 /* Sources */,
				3D6AFAE22C11235000AFFDB1 /* Frameworks */,
				3D6AFAE32C11235000AFFDB1 /* Resources */,
			);
			buildRules = (
			);
			dependencies = (
			);
			name = Dictionary;
			productName = Dictionary;
			productReference = 3D6AFAE52C11235000AFFDB1 /* Dictionary.app */;
			productType = "com.apple.product-type.application";
		};
		3D6AFAFD2C11235100AFFDB1 /* DictionaryTests */ = {
			isa = PBXNativeTarget;
			buildConfigurationList = 3D6AFB152C11235100AFFDB1 /* Build configuration list for PBXNativeTarget "DictionaryTests" */;
			buildPhases = (
				3D6AFAFA2C11235100AFFDB1 /* Sources */,
				3D6AFAFB2C11235100AFFDB1 /* Frameworks */,
				3D6AFAFC2C11235100AFFDB1 /* Resources */,
			);
			buildRules = (
			);
			dependencies = (
				3D6AFB002C11235100AFFDB1 /* PBXTargetDependency */,
			);
			name = DictionaryTests;
			productName = DictionaryTests;
			productReference = 3D6AFAFE2C11235100AFFDB1 /* DictionaryTests.xctest */;
			productType = "com.apple.product-type.bundle.unit-test";
		};
		3D6AFB072C11235100AFFDB1 /* DictionaryUITests */ = {
			isa = PBXNativeTarget;
			buildConfigurationList = 3D6AFB182C11235100AFFDB1 /* Build configuration list for PBXNativeTarget "DictionaryUITests" */;
			buildPhases = (
				3D6AFB042C11235100AFFDB1 /* Sources */,
				3D6AFB052C11235100AFFDB1 /* Frameworks */,
				3D6AFB062C11235100AFFDB1 /* Resources */,
			);
			buildRules = (
			);
			dependencies = (
				3D6AFB0A2C11235100AFFDB1 /* PBXTargetDependency */,
			);
			name = DictionaryUITests;
			productName = DictionaryUITests;
			productReference = 3D6AFB082C11235100AFFDB1 /* DictionaryUITests.xctest */;
			productType = "com.apple.product-type.bundle.ui-testing";
		};
/* End PBXNativeTarget section */

/* Begin PBXProject section */
		3D6AFADD2C11235000AFFDB1 /* Project object */ = {
			isa = PBXProject;
			attributes = {
				BuildIndependentTargetsInParallel = 1;
				LastSwiftUpdateCheck = 1530;
				LastUpgradeCheck = 1530;
				TargetAttributes = {
					3D6AFAE42C11235000AFFDB1 = {
						CreatedOnToolsVersion = 15.3;
					};
					3D6AFAFD2C11235100AFFDB1 = {
						CreatedOnToolsVersion = 15.3;
						TestTargetID = 3D6AFAE42C11235000AFFDB1;
					};
					3D6AFB072C11235100AFFDB1 = {
						CreatedOnToolsVersion = 15.3;
						TestTargetID = 3D6AFAE42C11235000AFFDB1;
					};
				};
			};
			buildConfigurationList = 3D6AFAE02C11235000AFFDB1 /* Build configuration list for PBXProject "Dictionary" */;
			compatibilityVersion = "Xcode 14.0";
			developmentRegion = en;
			hasScannedForEncodings = 0;
			knownRegions = (
				en,
				Base,
			);
			mainGroup = 3D6AFADC2C11235000AFFDB1;
			productRefGroup = 3D6AFAE62C11235000AFFDB1 /* Products */;
			projectDirPath = "";
			projectRoot = "";
			targets = (
				3D6AFAE42C11235000AFFDB1 /* Dictionary */,
				3D6AFAFD2C11235100AFFDB1 /* DictionaryTests */,
				3D6AFB072C11235100AFFDB1 /* DictionaryUITests */,
			);
		};
/* End PBXProject section */

/* Begin PBXResourcesBuildPhase section */
		3D6AFAE32C11235000AFFDB1 /* Resources */ = {
			isa = PBXResourcesBuildPhase;
			buildActionMask = 2147483647;
			files = (
				3DA2F8CA2C15EC29000A8437 /* WordTypeCell.xib in Resources */,
				3D6AFAF52C11235100AFFDB1 /* Assets.xcassets in Resources */,
				3D3C97722C18CE050028DB55 /* QuestionCell.xib in Resources */,
				3D6AFAF82C11235100AFFDB1 /* Base in Resources */,
				3DF099F22C13AC0D00044B20 /* DetailViewController.xib in Resources */,
				3D7154272C189D7D001DAE41 /* QuizViewController.xib in Resources */,
				3DECF8F12C16591200A97462 /* SynonymCell.xib in Resources */,
				3DE12FB52C145A2600FF2926 /* RecentSearchCell.xib in Resources */,
				3D7154312C189DD4001DAE41 /* ResultViewController.xib in Resources */,
				3D6AFB3D2C1137B500AFFDB1 /* HomeViewController.xib in Resources */,
				3D71541D2C189D0F001DAE41 /* EntryViewController.xib in Resources */,
				3D6AFAF02C11235000AFFDB1 /* Base in Resources */,
				3D6AFB322C112D0600AFFDB1 /* SplashViewController.xib in Resources */,
			);
			runOnlyForDeploymentPostprocessing = 0;
		};
		3D6AFAFC2C11235100AFFDB1 /* Resources */ = {
			isa = PBXResourcesBuildPhase;
			buildActionMask = 2147483647;
			files = (
			);
			runOnlyForDeploymentPostprocessing = 0;
		};
		3D6AFB062C11235100AFFDB1 /* Resources */ = {
			isa = PBXResourcesBuildPhase;
			buildActionMask = 2147483647;
			files = (
			);
			runOnlyForDeploymentPostprocessing = 0;
		};
/* End PBXResourcesBuildPhase section */

/* Begin PBXSourcesBuildPhase section */
		3D6AFAE12C11235000AFFDB1 /* Sources */ = {
			isa = PBXSourcesBuildPhase;
			buildActionMask = 2147483647;
			files = (
				3D6AFB242C1126F500AFFDB1 /* Reachability.swift in Sources */,
				3D6AFB462C11426300AFFDB1 /* WordResponse.swift in Sources */,
				3DE12FB72C145C9600FF2926 /* WordRepository.swift in Sources */,
				3DC476FB2C120FD4005DACA8 /* CustomTabBar.swift in Sources */,
				3D21FE2C2C19AFA000648B7E /* UIAlertController.swift in Sources */,
				3D71542D2C189DA3001DAE41 /* QuizRouter.swift in Sources */,
				3D7154212C189D41001DAE41 /* EntryPresenter.swift in Sources */,
				3D6AFB222C1126D900AFFDB1 /* NetworkManager.swift in Sources */,
				3DE12FBC2C14AC5F00FF2926 /* UITableView.swift in Sources */,
				3D6AFB3F2C11383500AFFDB1 /* HomeInteractor.swift in Sources */,
				3D6AFAF32C11235000AFFDB1 /* Dictionary.xcdatamodeld in Sources */,
				3DA2F8CB2C15EC29000A8437 /* WordTypeCell.swift in Sources */,
				3D71541C2C189D0F001DAE41 /* EntryViewController.swift in Sources */,
				3DF099F12C13AC0D00044B20 /* DetailViewController.swift in Sources */,
				3D6AFB3C2C1137B500AFFDB1 /* HomeViewController.swift in Sources */,
				3D3C97742C18E7CB0028DB55 /* QuizMockData.swift in Sources */,
				3D6AFB432C11385200AFFDB1 /* HomeRouter.swift in Sources */,
				3DECF8F22C16591200A97462 /* SynonymCell.swift in Sources */,
				3D6AFAE92C11235000AFFDB1 /* AppDelegate.swift in Sources */,
				3D6AFB272C112B6B00AFFDB1 /* BaseViewController.swift in Sources */,
				3D7154262C189D7D001DAE41 /* QuizViewController.swift in Sources */,
				3D7154372C189E18001DAE41 /* ResultRouter.swift in Sources */,
				3D6AFB342C112D7D00AFFDB1 /* SplashInteractor.swift in Sources */,
				3DF099F82C13AD8500044B20 /* DetailRouter.swift in Sources */,
				3D6AFAEB2C11235000AFFDB1 /* SceneDelegate.swift in Sources */,
				3D6AFB412C11384800AFFDB1 /* HomePresenter.swift in Sources */,
				3D7154352C189DFD001DAE41 /* ResultPresenter.swift in Sources */,
				3DE12FB42C145A2600FF2926 /* RecentSearchCell.swift in Sources */,
				3DF099F62C13AD7A00044B20 /* DetailPresenter.swift in Sources */,
				3D3C97712C18CE050028DB55 /* QuestionCell.swift in Sources */,
				3D6AFB482C1142CC00AFFDB1 /* ServiceManager.swift in Sources */,
				3D6AFB382C112DA500AFFDB1 /* SplashRouter.swift in Sources */,
				3D71542B2C189D9A001DAE41 /* QuizPresenter.swift in Sources */,
				3D6AFB202C1126C600AFFDB1 /* API.swift in Sources */,
				3DECF8F42C16646F00A97462 /* Synonym.swift in Sources */,
				3DF099F42C13AD6300044B20 /* DetailInteractor.swift in Sources */,
				3D6AFB312C112D0600AFFDB1 /* SplashViewController.swift in Sources */,
				3D6AFB362C112D9000AFFDB1 /* SplashPresenter.swift in Sources */,
				3D7154232C189D53001DAE41 /* EntryRouter.swift in Sources */,
				3D7154302C189DD4001DAE41 /* ResultViewController.swift in Sources */,
			);
			runOnlyForDeploymentPostprocessing = 0;
		};
		3D6AFAFA2C11235100AFFDB1 /* Sources */ = {
			isa = PBXSourcesBuildPhase;
			buildActionMask = 2147483647;
			files = (
				3D6AFB032C11235100AFFDB1 /* DictionaryTests.swift in Sources */,
			);
			runOnlyForDeploymentPostprocessing = 0;
		};
		3D6AFB042C11235100AFFDB1 /* Sources */ = {
			isa = PBXSourcesBuildPhase;
			buildActionMask = 2147483647;
			files = (
				3D6AFB0F2C11235100AFFDB1 /* DictionaryUITestsLaunchTests.swift in Sources */,
				3D6AFB0D2C11235100AFFDB1 /* DictionaryUITests.swift in Sources */,
			);
			runOnlyForDeploymentPostprocessing = 0;
		};
/* End PBXSourcesBuildPhase section */

/* Begin PBXTargetDependency section */
		3D6AFB002C11235100AFFDB1 /* PBXTargetDependency */ = {
			isa = PBXTargetDependency;
			target = 3D6AFAE42C11235000AFFDB1 /* Dictionary */;
			targetProxy = 3D6AFAFF2C11235100AFFDB1 /* PBXContainerItemProxy */;
		};
		3D6AFB0A2C11235100AFFDB1 /* PBXTargetDependency */ = {
			isa = PBXTargetDependency;
			target = 3D6AFAE42C11235000AFFDB1 /* Dictionary */;
			targetProxy = 3D6AFB092C11235100AFFDB1 /* PBXContainerItemProxy */;
		};
/* End PBXTargetDependency section */

/* Begin PBXVariantGroup section */
		3D6AFAEE2C11235000AFFDB1 /* Main.storyboard */ = {
			isa = PBXVariantGroup;
			children = (
				3D6AFAEF2C11235000AFFDB1 /* Base */,
			);
			name = Main.storyboard;
			sourceTree = "<group>";
		};
		3D6AFAF62C11235100AFFDB1 /* LaunchScreen.storyboard */ = {
			isa = PBXVariantGroup;
			children = (
				3D6AFAF72C11235100AFFDB1 /* Base */,
			);
			name = LaunchScreen.storyboard;
			sourceTree = "<group>";
		};
/* End PBXVariantGroup section */

/* Begin XCBuildConfiguration section */
		3D6AFB102C11235100AFFDB1 /* Debug */ = {
			isa = XCBuildConfiguration;
			buildSettings = {
				ALWAYS_SEARCH_USER_PATHS = NO;
				ASSETCATALOG_COMPILER_GENERATE_SWIFT_ASSET_SYMBOL_EXTENSIONS = YES;
				CLANG_ANALYZER_NONNULL = YES;
				CLANG_ANALYZER_NUMBER_OBJECT_CONVERSION = YES_AGGRESSIVE;
				CLANG_CXX_LANGUAGE_STANDARD = "gnu++20";
				CLANG_ENABLE_MODULES = YES;
				CLANG_ENABLE_OBJC_ARC = YES;
				CLANG_ENABLE_OBJC_WEAK = YES;
				CLANG_WARN_BLOCK_CAPTURE_AUTORELEASING = YES;
				CLANG_WARN_BOOL_CONVERSION = YES;
				CLANG_WARN_COMMA = YES;
				CLANG_WARN_CONSTANT_CONVERSION = YES;
				CLANG_WARN_DEPRECATED_OBJC_IMPLEMENTATIONS = YES;
				CLANG_WARN_DIRECT_OBJC_ISA_USAGE = YES_ERROR;
				CLANG_WARN_DOCUMENTATION_COMMENTS = YES;
				CLANG_WARN_EMPTY_BODY = YES;
				CLANG_WARN_ENUM_CONVERSION = YES;
				CLANG_WARN_INFINITE_RECURSION = YES;
				CLANG_WARN_INT_CONVERSION = YES;
				CLANG_WARN_NON_LITERAL_NULL_CONVERSION = YES;
				CLANG_WARN_OBJC_IMPLICIT_RETAIN_SELF = YES;
				CLANG_WARN_OBJC_LITERAL_CONVERSION = YES;
				CLANG_WARN_OBJC_ROOT_CLASS = YES_ERROR;
				CLANG_WARN_QUOTED_INCLUDE_IN_FRAMEWORK_HEADER = YES;
				CLANG_WARN_RANGE_LOOP_ANALYSIS = YES;
				CLANG_WARN_STRICT_PROTOTYPES = YES;
				CLANG_WARN_SUSPICIOUS_MOVE = YES;
				CLANG_WARN_UNGUARDED_AVAILABILITY = YES_AGGRESSIVE;
				CLANG_WARN_UNREACHABLE_CODE = YES;
				CLANG_WARN__DUPLICATE_METHOD_MATCH = YES;
				COPY_PHASE_STRIP = NO;
				DEBUG_INFORMATION_FORMAT = dwarf;
				ENABLE_STRICT_OBJC_MSGSEND = YES;
				ENABLE_TESTABILITY = YES;
				ENABLE_USER_SCRIPT_SANDBOXING = YES;
				GCC_C_LANGUAGE_STANDARD = gnu17;
				GCC_DYNAMIC_NO_PIC = NO;
				GCC_NO_COMMON_BLOCKS = YES;
				GCC_OPTIMIZATION_LEVEL = 0;
				GCC_PREPROCESSOR_DEFINITIONS = (
					"DEBUG=1",
					"$(inherited)",
				);
				GCC_WARN_64_TO_32_BIT_CONVERSION = YES;
				GCC_WARN_ABOUT_RETURN_TYPE = YES_ERROR;
				GCC_WARN_UNDECLARED_SELECTOR = YES;
				GCC_WARN_UNINITIALIZED_AUTOS = YES_AGGRESSIVE;
				GCC_WARN_UNUSED_FUNCTION = YES;
				GCC_WARN_UNUSED_VARIABLE = YES;
				IPHONEOS_DEPLOYMENT_TARGET = 17.4;
				LOCALIZATION_PREFERS_STRING_CATALOGS = YES;
				MTL_ENABLE_DEBUG_INFO = INCLUDE_SOURCE;
				MTL_FAST_MATH = YES;
				ONLY_ACTIVE_ARCH = YES;
				SDKROOT = iphoneos;
				SWIFT_ACTIVE_COMPILATION_CONDITIONS = "DEBUG $(inherited)";
				SWIFT_OPTIMIZATION_LEVEL = "-Onone";
			};
			name = Debug;
		};
		3D6AFB112C11235100AFFDB1 /* Release */ = {
			isa = XCBuildConfiguration;
			buildSettings = {
				ALWAYS_SEARCH_USER_PATHS = NO;
				ASSETCATALOG_COMPILER_GENERATE_SWIFT_ASSET_SYMBOL_EXTENSIONS = YES;
				CLANG_ANALYZER_NONNULL = YES;
				CLANG_ANALYZER_NUMBER_OBJECT_CONVERSION = YES_AGGRESSIVE;
				CLANG_CXX_LANGUAGE_STANDARD = "gnu++20";
				CLANG_ENABLE_MODULES = YES;
				CLANG_ENABLE_OBJC_ARC = YES;
				CLANG_ENABLE_OBJC_WEAK = YES;
				CLANG_WARN_BLOCK_CAPTURE_AUTORELEASING = YES;
				CLANG_WARN_BOOL_CONVERSION = YES;
				CLANG_WARN_COMMA = YES;
				CLANG_WARN_CONSTANT_CONVERSION = YES;
				CLANG_WARN_DEPRECATED_OBJC_IMPLEMENTATIONS = YES;
				CLANG_WARN_DIRECT_OBJC_ISA_USAGE = YES_ERROR;
				CLANG_WARN_DOCUMENTATION_COMMENTS = YES;
				CLANG_WARN_EMPTY_BODY = YES;
				CLANG_WARN_ENUM_CONVERSION = YES;
				CLANG_WARN_INFINITE_RECURSION = YES;
				CLANG_WARN_INT_CONVERSION = YES;
				CLANG_WARN_NON_LITERAL_NULL_CONVERSION = YES;
				CLANG_WARN_OBJC_IMPLICIT_RETAIN_SELF = YES;
				CLANG_WARN_OBJC_LITERAL_CONVERSION = YES;
				CLANG_WARN_OBJC_ROOT_CLASS = YES_ERROR;
				CLANG_WARN_QUOTED_INCLUDE_IN_FRAMEWORK_HEADER = YES;
				CLANG_WARN_RANGE_LOOP_ANALYSIS = YES;
				CLANG_WARN_STRICT_PROTOTYPES = YES;
				CLANG_WARN_SUSPICIOUS_MOVE = YES;
				CLANG_WARN_UNGUARDED_AVAILABILITY = YES_AGGRESSIVE;
				CLANG_WARN_UNREACHABLE_CODE = YES;
				CLANG_WARN__DUPLICATE_METHOD_MATCH = YES;
				COPY_PHASE_STRIP = NO;
				DEBUG_INFORMATION_FORMAT = "dwarf-with-dsym";
				ENABLE_NS_ASSERTIONS = NO;
				ENABLE_STRICT_OBJC_MSGSEND = YES;
				ENABLE_USER_SCRIPT_SANDBOXING = YES;
				GCC_C_LANGUAGE_STANDARD = gnu17;
				GCC_NO_COMMON_BLOCKS = YES;
				GCC_WARN_64_TO_32_BIT_CONVERSION = YES;
				GCC_WARN_ABOUT_RETURN_TYPE = YES_ERROR;
				GCC_WARN_UNDECLARED_SELECTOR = YES;
				GCC_WARN_UNINITIALIZED_AUTOS = YES_AGGRESSIVE;
				GCC_WARN_UNUSED_FUNCTION = YES;
				GCC_WARN_UNUSED_VARIABLE = YES;
				IPHONEOS_DEPLOYMENT_TARGET = 17.4;
				LOCALIZATION_PREFERS_STRING_CATALOGS = YES;
				MTL_ENABLE_DEBUG_INFO = NO;
				MTL_FAST_MATH = YES;
				SDKROOT = iphoneos;
				SWIFT_COMPILATION_MODE = wholemodule;
				VALIDATE_PRODUCT = YES;
			};
			name = Release;
		};
		3D6AFB132C11235100AFFDB1 /* Debug */ = {
			isa = XCBuildConfiguration;
			buildSettings = {
				ASSETCATALOG_COMPILER_APPICON_NAME = AppIcon;
				ASSETCATALOG_COMPILER_GLOBAL_ACCENT_COLOR_NAME = AccentColor;
				CODE_SIGN_STYLE = Automatic;
				CURRENT_PROJECT_VERSION = 1;
				GENERATE_INFOPLIST_FILE = YES;
				INFOPLIST_FILE = Dictionary/Info.plist;
				INFOPLIST_KEY_UIApplicationSupportsIndirectInputEvents = YES;
				INFOPLIST_KEY_UILaunchStoryboardName = LaunchScreen;
				INFOPLIST_KEY_UIMainStoryboardFile = Main;
				INFOPLIST_KEY_UISupportedInterfaceOrientations_iPad = "UIInterfaceOrientationPortrait UIInterfaceOrientationPortraitUpsideDown UIInterfaceOrientationLandscapeLeft UIInterfaceOrientationLandscapeRight";
				INFOPLIST_KEY_UISupportedInterfaceOrientations_iPhone = "UIInterfaceOrientationPortrait UIInterfaceOrientationLandscapeLeft UIInterfaceOrientationLandscapeRight";
				LD_RUNPATH_SEARCH_PATHS = (
					"$(inherited)",
					"@executable_path/Frameworks",
				);
				MARKETING_VERSION = 1.0;
				PRODUCT_BUNDLE_IDENTIFIER = com.alihizardere.Dictionary;
				PRODUCT_NAME = "$(TARGET_NAME)";
				SWIFT_EMIT_LOC_STRINGS = YES;
				SWIFT_VERSION = 5.0;
				TARGETED_DEVICE_FAMILY = "1,2";
			};
			name = Debug;
		};
		3D6AFB142C11235100AFFDB1 /* Release */ = {
			isa = XCBuildConfiguration;
			buildSettings = {
				ASSETCATALOG_COMPILER_APPICON_NAME = AppIcon;
				ASSETCATALOG_COMPILER_GLOBAL_ACCENT_COLOR_NAME = AccentColor;
				CODE_SIGN_STYLE = Automatic;
				CURRENT_PROJECT_VERSION = 1;
				GENERATE_INFOPLIST_FILE = YES;
				INFOPLIST_FILE = Dictionary/Info.plist;
				INFOPLIST_KEY_UIApplicationSupportsIndirectInputEvents = YES;
				INFOPLIST_KEY_UILaunchStoryboardName = LaunchScreen;
				INFOPLIST_KEY_UIMainStoryboardFile = Main;
				INFOPLIST_KEY_UISupportedInterfaceOrientations_iPad = "UIInterfaceOrientationPortrait UIInterfaceOrientationPortraitUpsideDown UIInterfaceOrientationLandscapeLeft UIInterfaceOrientationLandscapeRight";
				INFOPLIST_KEY_UISupportedInterfaceOrientations_iPhone = "UIInterfaceOrientationPortrait UIInterfaceOrientationLandscapeLeft UIInterfaceOrientationLandscapeRight";
				LD_RUNPATH_SEARCH_PATHS = (
					"$(inherited)",
					"@executable_path/Frameworks",
				);
				MARKETING_VERSION = 1.0;
				PRODUCT_BUNDLE_IDENTIFIER = com.alihizardere.Dictionary;
				PRODUCT_NAME = "$(TARGET_NAME)";
				SWIFT_EMIT_LOC_STRINGS = YES;
				SWIFT_VERSION = 5.0;
				TARGETED_DEVICE_FAMILY = "1,2";
			};
			name = Release;
		};
		3D6AFB162C11235100AFFDB1 /* Debug */ = {
			isa = XCBuildConfiguration;
			buildSettings = {
				ALWAYS_EMBED_SWIFT_STANDARD_LIBRARIES = YES;
				BUNDLE_LOADER = "$(TEST_HOST)";
				CODE_SIGN_STYLE = Automatic;
				CURRENT_PROJECT_VERSION = 1;
				GENERATE_INFOPLIST_FILE = YES;
				IPHONEOS_DEPLOYMENT_TARGET = 17.4;
				MARKETING_VERSION = 1.0;
				PRODUCT_BUNDLE_IDENTIFIER = com.alihizardere.DictionaryTests;
				PRODUCT_NAME = "$(TARGET_NAME)";
				SWIFT_EMIT_LOC_STRINGS = NO;
				SWIFT_VERSION = 5.0;
				TARGETED_DEVICE_FAMILY = "1,2";
				TEST_HOST = "$(BUILT_PRODUCTS_DIR)/Dictionary.app/$(BUNDLE_EXECUTABLE_FOLDER_PATH)/Dictionary";
			};
			name = Debug;
		};
		3D6AFB172C11235100AFFDB1 /* Release */ = {
			isa = XCBuildConfiguration;
			buildSettings = {
				ALWAYS_EMBED_SWIFT_STANDARD_LIBRARIES = YES;
				BUNDLE_LOADER = "$(TEST_HOST)";
				CODE_SIGN_STYLE = Automatic;
				CURRENT_PROJECT_VERSION = 1;
				GENERATE_INFOPLIST_FILE = YES;
				IPHONEOS_DEPLOYMENT_TARGET = 17.4;
				MARKETING_VERSION = 1.0;
				PRODUCT_BUNDLE_IDENTIFIER = com.alihizardere.DictionaryTests;
				PRODUCT_NAME = "$(TARGET_NAME)";
				SWIFT_EMIT_LOC_STRINGS = NO;
				SWIFT_VERSION = 5.0;
				TARGETED_DEVICE_FAMILY = "1,2";
				TEST_HOST = "$(BUILT_PRODUCTS_DIR)/Dictionary.app/$(BUNDLE_EXECUTABLE_FOLDER_PATH)/Dictionary";
			};
			name = Release;
		};
		3D6AFB192C11235100AFFDB1 /* Debug */ = {
			isa = XCBuildConfiguration;
			buildSettings = {
				ALWAYS_EMBED_SWIFT_STANDARD_LIBRARIES = YES;
				CODE_SIGN_STYLE = Automatic;
				CURRENT_PROJECT_VERSION = 1;
				GENERATE_INFOPLIST_FILE = YES;
				MARKETING_VERSION = 1.0;
				PRODUCT_BUNDLE_IDENTIFIER = com.alihizardere.DictionaryUITests;
				PRODUCT_NAME = "$(TARGET_NAME)";
				SWIFT_EMIT_LOC_STRINGS = NO;
				SWIFT_VERSION = 5.0;
				TARGETED_DEVICE_FAMILY = "1,2";
				TEST_TARGET_NAME = Dictionary;
			};
			name = Debug;
		};
		3D6AFB1A2C11235100AFFDB1 /* Release */ = {
			isa = XCBuildConfiguration;
			buildSettings = {
				ALWAYS_EMBED_SWIFT_STANDARD_LIBRARIES = YES;
				CODE_SIGN_STYLE = Automatic;
				CURRENT_PROJECT_VERSION = 1;
				GENERATE_INFOPLIST_FILE = YES;
				MARKETING_VERSION = 1.0;
				PRODUCT_BUNDLE_IDENTIFIER = com.alihizardere.DictionaryUITests;
				PRODUCT_NAME = "$(TARGET_NAME)";
				SWIFT_EMIT_LOC_STRINGS = NO;
				SWIFT_VERSION = 5.0;
				TARGETED_DEVICE_FAMILY = "1,2";
				TEST_TARGET_NAME = Dictionary;
			};
			name = Release;
		};
/* End XCBuildConfiguration section */

/* Begin XCConfigurationList section */
		3D6AFAE02C11235000AFFDB1 /* Build configuration list for PBXProject "Dictionary" */ = {
			isa = XCConfigurationList;
			buildConfigurations = (
				3D6AFB102C11235100AFFDB1 /* Debug */,
				3D6AFB112C11235100AFFDB1 /* Release */,
			);
			defaultConfigurationIsVisible = 0;
			defaultConfigurationName = Release;
		};
		3D6AFB122C11235100AFFDB1 /* Build configuration list for PBXNativeTarget "Dictionary" */ = {
			isa = XCConfigurationList;
			buildConfigurations = (
				3D6AFB132C11235100AFFDB1 /* Debug */,
				3D6AFB142C11235100AFFDB1 /* Release */,
			);
			defaultConfigurationIsVisible = 0;
			defaultConfigurationName = Release;
		};
		3D6AFB152C11235100AFFDB1 /* Build configuration list for PBXNativeTarget "DictionaryTests" */ = {
			isa = XCConfigurationList;
			buildConfigurations = (
				3D6AFB162C11235100AFFDB1 /* Debug */,
				3D6AFB172C11235100AFFDB1 /* Release */,
			);
			defaultConfigurationIsVisible = 0;
			defaultConfigurationName = Release;
		};
		3D6AFB182C11235100AFFDB1 /* Build configuration list for PBXNativeTarget "DictionaryUITests" */ = {
			isa = XCConfigurationList;
			buildConfigurations = (
				3D6AFB192C11235100AFFDB1 /* Debug */,
				3D6AFB1A2C11235100AFFDB1 /* Release */,
			);
			defaultConfigurationIsVisible = 0;
			defaultConfigurationName = Release;
		};
/* End XCConfigurationList section */

/* Begin XCVersionGroup section */
		3D6AFAF12C11235000AFFDB1 /* Dictionary.xcdatamodeld */ = {
			isa = XCVersionGroup;
			children = (
				3D6AFAF22C11235000AFFDB1 /* Dictionary.xcdatamodel */,
			);
			currentVersion = 3D6AFAF22C11235000AFFDB1 /* Dictionary.xcdatamodel */;
			path = Dictionary.xcdatamodeld;
			sourceTree = "<group>";
			versionGroupType = wrapper.xcdatamodel;
		};
/* End XCVersionGroup section */
	};
	rootObject = 3D6AFADD2C11235000AFFDB1 /* Project object */;
}
